// !$*UTF8*$!
{
	archiveVersion = 1;
	classes = {
	};
	objectVersion = 46;
	objects = {

/* Begin PBXBuildFile section */
		842E1C041C19C39400335A48 /* RandomPositionComponent.swift in Sources */ = {isa = PBXBuildFile; fileRef = 842E1C031C19C39400335A48 /* RandomPositionComponent.swift */; };
		F419DD5D1C15A9C8001C7C92 /* Player.swift in Sources */ = {isa = PBXBuildFile; fileRef = F419DD5C1C15A9C8001C7C92 /* Player.swift */; };
		F419DD601C15AA37001C7C92 /* SpriteComponent.swift in Sources */ = {isa = PBXBuildFile; fileRef = F419DD5F1C15AA37001C7C92 /* SpriteComponent.swift */; };
		F419DD621C15AAF1001C7C92 /* EntityManager.swift in Sources */ = {isa = PBXBuildFile; fileRef = F419DD611C15AAF1001C7C92 /* EntityManager.swift */; };
		F419DD661C15C971001C7C92 /* PhysicsComponent.swift in Sources */ = {isa = PBXBuildFile; fileRef = F419DD651C15C971001C7C92 /* PhysicsComponent.swift */; };
		F42962AC1C0D10600090E280 /* AppDelegate.swift in Sources */ = {isa = PBXBuildFile; fileRef = F42962AB1C0D10600090E280 /* AppDelegate.swift */; };
		F42962AE1C0D10600090E280 /* GameScene.sks in Resources */ = {isa = PBXBuildFile; fileRef = F42962AD1C0D10600090E280 /* GameScene.sks */; };
		F42962B01C0D10600090E280 /* GameScene.swift in Sources */ = {isa = PBXBuildFile; fileRef = F42962AF1C0D10600090E280 /* GameScene.swift */; };
		F42962B21C0D10600090E280 /* GameViewController.swift in Sources */ = {isa = PBXBuildFile; fileRef = F42962B11C0D10600090E280 /* GameViewController.swift */; };
		F42962B51C0D10600090E280 /* Main.storyboard in Resources */ = {isa = PBXBuildFile; fileRef = F42962B31C0D10600090E280 /* Main.storyboard */; };
		F42962B71C0D10600090E280 /* Assets.xcassets in Resources */ = {isa = PBXBuildFile; fileRef = F42962B61C0D10600090E280 /* Assets.xcassets */; };
		F42962BA1C0D10600090E280 /* LaunchScreen.storyboard in Resources */ = {isa = PBXBuildFile; fileRef = F42962B81C0D10600090E280 /* LaunchScreen.storyboard */; };
		F4B3BE711C1843ED0009DFDD /* ScreenLayout.framework in Frameworks */ = {isa = PBXBuildFile; fileRef = F4B3BE681C18431E0009DFDD /* ScreenLayout.framework */; };
		F4B3BE721C1843ED0009DFDD /* ScreenLayout.framework in Embed Frameworks */ = {isa = PBXBuildFile; fileRef = F4B3BE681C18431E0009DFDD /* ScreenLayout.framework */; settings = {ATTRIBUTES = (CodeSignOnCopy, RemoveHeadersOnCopy, ); }; };
/* End PBXBuildFile section */

/* Begin PBXContainerItemProxy section */
		F4B3BE671C18431E0009DFDD /* PBXContainerItemProxy */ = {
			isa = PBXContainerItemProxy;
			containerPortal = F4B3BE621C18431E0009DFDD /* ScreenLayout.xcodeproj */;
			proxyType = 2;
			remoteGlobalIDString = BF356A681A24726800346FD0;
			remoteInfo = ScreenLayout;
		};
		F4B3BE691C18431E0009DFDD /* PBXContainerItemProxy */ = {
			isa = PBXContainerItemProxy;
			containerPortal = F4B3BE621C18431E0009DFDD /* ScreenLayout.xcodeproj */;
			proxyType = 2;
			remoteGlobalIDString = BF356A731A24726800346FD0;
			remoteInfo = ScreenLayoutTests;
		};
		F4B3BE731C1843ED0009DFDD /* PBXContainerItemProxy */ = {
			isa = PBXContainerItemProxy;
			containerPortal = F4B3BE621C18431E0009DFDD /* ScreenLayout.xcodeproj */;
			proxyType = 1;
			remoteGlobalIDString = BF356A671A24726800346FD0;
			remoteInfo = ScreenLayout;
		};
/* End PBXContainerItemProxy section */

/* Begin PBXCopyFilesBuildPhase section */
		F4B3BE751C1843ED0009DFDD /* Embed Frameworks */ = {
			isa = PBXCopyFilesBuildPhase;
			buildActionMask = 2147483647;
			dstPath = "";
			dstSubfolderSpec = 10;
			files = (
				F4B3BE721C1843ED0009DFDD /* ScreenLayout.framework in Embed Frameworks */,
			);
			name = "Embed Frameworks";
			runOnlyForDeploymentPostprocessing = 0;
		};
/* End PBXCopyFilesBuildPhase section */

/* Begin PBXFileReference section */
		842E1C031C19C39400335A48 /* RandomPositionComponent.swift */ = {isa = PBXFileReference; fileEncoding = 4; lastKnownFileType = sourcecode.swift; path = RandomPositionComponent.swift; sourceTree = "<group>"; };
		F419DD5C1C15A9C8001C7C92 /* Player.swift */ = {isa = PBXFileReference; fileEncoding = 4; lastKnownFileType = sourcecode.swift; path = Player.swift; sourceTree = "<group>"; };
		F419DD5F1C15AA37001C7C92 /* SpriteComponent.swift */ = {isa = PBXFileReference; fileEncoding = 4; lastKnownFileType = sourcecode.swift; path = SpriteComponent.swift; sourceTree = "<group>"; };
		F419DD611C15AAF1001C7C92 /* EntityManager.swift */ = {isa = PBXFileReference; fileEncoding = 4; lastKnownFileType = sourcecode.swift; path = EntityManager.swift; sourceTree = "<group>"; };
		F419DD651C15C971001C7C92 /* PhysicsComponent.swift */ = {isa = PBXFileReference; fileEncoding = 4; lastKnownFileType = sourcecode.swift; path = PhysicsComponent.swift; sourceTree = "<group>"; };
		F42962A81C0D10600090E280 /* CollabJump.app */ = {isa = PBXFileReference; explicitFileType = wrapper.application; includeInIndex = 0; path = CollabJump.app; sourceTree = BUILT_PRODUCTS_DIR; };
		F42962AB1C0D10600090E280 /* AppDelegate.swift */ = {isa = PBXFileReference; lastKnownFileType = sourcecode.swift; path = AppDelegate.swift; sourceTree = "<group>"; };
		F42962AD1C0D10600090E280 /* GameScene.sks */ = {isa = PBXFileReference; lastKnownFileType = file.sks; path = GameScene.sks; sourceTree = "<group>"; };
		F42962AF1C0D10600090E280 /* GameScene.swift */ = {isa = PBXFileReference; lastKnownFileType = sourcecode.swift; path = GameScene.swift; sourceTree = "<group>"; };
		F42962B11C0D10600090E280 /* GameViewController.swift */ = {isa = PBXFileReference; lastKnownFileType = sourcecode.swift; path = GameViewController.swift; sourceTree = "<group>"; };
		F42962B41C0D10600090E280 /* Base */ = {isa = PBXFileReference; lastKnownFileType = file.storyboard; name = Base; path = Base.lproj/Main.storyboard; sourceTree = "<group>"; };
		F42962B61C0D10600090E280 /* Assets.xcassets */ = {isa = PBXFileReference; lastKnownFileType = folder.assetcatalog; path = Assets.xcassets; sourceTree = "<group>"; };
		F42962B91C0D10600090E280 /* Base */ = {isa = PBXFileReference; lastKnownFileType = file.storyboard; name = Base; path = Base.lproj/LaunchScreen.storyboard; sourceTree = "<group>"; };
		F42962BB1C0D10600090E280 /* Info.plist */ = {isa = PBXFileReference; lastKnownFileType = text.plist.xml; path = Info.plist; sourceTree = "<group>"; };
		F4B3BE621C18431E0009DFDD /* ScreenLayout.xcodeproj */ = {isa = PBXFileReference; lastKnownFileType = "wrapper.pb-project"; name = ScreenLayout.xcodeproj; path = ScreenLayout/ScreenLayout.xcodeproj; sourceTree = "<group>"; };
/* End PBXFileReference section */

/* Begin PBXFrameworksBuildPhase section */
		F42962A51C0D10600090E280 /* Frameworks */ = {
			isa = PBXFrameworksBuildPhase;
			buildActionMask = 2147483647;
			files = (
				F4B3BE711C1843ED0009DFDD /* ScreenLayout.framework in Frameworks */,
			);
			runOnlyForDeploymentPostprocessing = 0;
		};
/* End PBXFrameworksBuildPhase section */

/* Begin PBXGroup section */
		F419DD5B1C15A99C001C7C92 /* Entities */ = {
			isa = PBXGroup;
			children = (
				F419DD5C1C15A9C8001C7C92 /* Player.swift */,
			);
			name = Entities;
			sourceTree = "<group>";
		};
		F419DD5E1C15AA29001C7C92 /* Components */ = {
			isa = PBXGroup;
			children = (
				F419DD5F1C15AA37001C7C92 /* SpriteComponent.swift */,
				F419DD651C15C971001C7C92 /* PhysicsComponent.swift */,
				842E1C031C19C39400335A48 /* RandomPositionComponent.swift */,
			);
			name = Components;
			sourceTree = "<group>";
		};
		F429629F1C0D10600090E280 = {
			isa = PBXGroup;
			children = (
				F4B3BE621C18431E0009DFDD /* ScreenLayout.xcodeproj */,
				F42962AA1C0D10600090E280 /* CollabJump */,
				F42962A91C0D10600090E280 /* Products */,
			);
			sourceTree = "<group>";
		};
		F42962A91C0D10600090E280 /* Products */ = {
			isa = PBXGroup;
			children = (
				F42962A81C0D10600090E280 /* CollabJump.app */,
			);
			name = Products;
			sourceTree = "<group>";
		};
		F42962AA1C0D10600090E280 /* CollabJump */ = {
			isa = PBXGroup;
			children = (
				F419DD5E1C15AA29001C7C92 /* Components */,
				F419DD5B1C15A99C001C7C92 /* Entities */,
				F42962AB1C0D10600090E280 /* AppDelegate.swift */,
				F42962AD1C0D10600090E280 /* GameScene.sks */,
				F42962AF1C0D10600090E280 /* GameScene.swift */,
				F42962B11C0D10600090E280 /* GameViewController.swift */,
				F42962B31C0D10600090E280 /* Main.storyboard */,
				F42962B61C0D10600090E280 /* Assets.xcassets */,
				F42962B81C0D10600090E280 /* LaunchScreen.storyboard */,
				F42962BB1C0D10600090E280 /* Info.plist */,
				F419DD611C15AAF1001C7C92 /* EntityManager.swift */,
			);
			path = CollabJump;
			sourceTree = "<group>";
		};
		F4B3BE631C18431E0009DFDD /* Products */ = {
			isa = PBXGroup;
			children = (
				F4B3BE681C18431E0009DFDD /* ScreenLayout.framework */,
				F4B3BE6A1C18431E0009DFDD /* ScreenLayoutTests.xctest */,
			);
			name = Products;
			sourceTree = "<group>";
		};
/* End PBXGroup section */

/* Begin PBXNativeTarget section */
		F42962A71C0D10600090E280 /* CollabJump */ = {
			isa = PBXNativeTarget;
			buildConfigurationList = F42962BE1C0D10600090E280 /* Build configuration list for PBXNativeTarget "CollabJump" */;
			buildPhases = (
				F42962A41C0D10600090E280 /* Sources */,
				F42962A51C0D10600090E280 /* Frameworks */,
				F42962A61C0D10600090E280 /* Resources */,
				F4B3BE751C1843ED0009DFDD /* Embed Frameworks */,
			);
			buildRules = (
			);
			dependencies = (
				F4B3BE741C1843ED0009DFDD /* PBXTargetDependency */,
			);
			name = CollabJump;
			productName = CollabJump;
			productReference = F42962A81C0D10600090E280 /* CollabJump.app */;
			productType = "com.apple.product-type.application";
		};
/* End PBXNativeTarget section */

/* Begin PBXProject section */
		F42962A01C0D10600090E280 /* Project object */ = {
			isa = PBXProject;
			attributes = {
				LastSwiftUpdateCheck = 0710;
				LastUpgradeCheck = 0710;
				ORGANIZATIONNAME = "Simon Nilsson";
				TargetAttributes = {
					F42962A71C0D10600090E280 = {
						CreatedOnToolsVersion = 7.1.1;
						DevelopmentTeam = HQPW5Z8959;
					};
				};
			};
			buildConfigurationList = F42962A31C0D10600090E280 /* Build configuration list for PBXProject "CollabJump" */;
			compatibilityVersion = "Xcode 3.2";
			developmentRegion = English;
			hasScannedForEncodings = 0;
			knownRegions = (
				en,
				Base,
			);
			mainGroup = F429629F1C0D10600090E280;
			productRefGroup = F42962A91C0D10600090E280 /* Products */;
			projectDirPath = "";
			projectReferences = (
				{
					ProductGroup = F4B3BE631C18431E0009DFDD /* Products */;
					ProjectRef = F4B3BE621C18431E0009DFDD /* ScreenLayout.xcodeproj */;
				},
			);
			projectRoot = "";
			targets = (
				F42962A71C0D10600090E280 /* CollabJump */,
			);
		};
/* End PBXProject section */

/* Begin PBXReferenceProxy section */
		F4B3BE681C18431E0009DFDD /* ScreenLayout.framework */ = {
			isa = PBXReferenceProxy;
			fileType = wrapper.framework;
			path = ScreenLayout.framework;
			remoteRef = F4B3BE671C18431E0009DFDD /* PBXContainerItemProxy */;
			sourceTree = BUILT_PRODUCTS_DIR;
		};
		F4B3BE6A1C18431E0009DFDD /* ScreenLayoutTests.xctest */ = {
			isa = PBXReferenceProxy;
			fileType = wrapper.cfbundle;
			path = ScreenLayoutTests.xctest;
			remoteRef = F4B3BE691C18431E0009DFDD /* PBXContainerItemProxy */;
			sourceTree = BUILT_PRODUCTS_DIR;
		};
/* End PBXReferenceProxy section */

/* Begin PBXResourcesBuildPhase section */
		F42962A61C0D10600090E280 /* Resources */ = {
			isa = PBXResourcesBuildPhase;
			buildActionMask = 2147483647;
			files = (
				F42962AE1C0D10600090E280 /* GameScene.sks in Resources */,
				F42962BA1C0D10600090E280 /* LaunchScreen.storyboard in Resources */,
				F42962B71C0D10600090E280 /* Assets.xcassets in Resources */,
				F42962B51C0D10600090E280 /* Main.storyboard in Resources */,
			);
			runOnlyForDeploymentPostprocessing = 0;
		};
/* End PBXResourcesBuildPhase section */

/* Begin PBXSourcesBuildPhase section */
		F42962A41C0D10600090E280 /* Sources */ = {
			isa = PBXSourcesBuildPhase;
			buildActionMask = 2147483647;
			files = (
				F419DD5D1C15A9C8001C7C92 /* Player.swift in Sources */,
				842E1C041C19C39400335A48 /* RandomPositionComponent.swift in Sources */,
				F419DD661C15C971001C7C92 /* PhysicsComponent.swift in Sources */,
				F419DD601C15AA37001C7C92 /* SpriteComponent.swift in Sources */,
				F419DD621C15AAF1001C7C92 /* EntityManager.swift in Sources */,
				F42962B01C0D10600090E280 /* GameScene.swift in Sources */,
				F42962B21C0D10600090E280 /* GameViewController.swift in Sources */,
				F42962AC1C0D10600090E280 /* AppDelegate.swift in Sources */,
			);
			runOnlyForDeploymentPostprocessing = 0;
		};
/* End PBXSourcesBuildPhase section */

/* Begin PBXTargetDependency section */
		F4B3BE741C1843ED0009DFDD /* PBXTargetDependency */ = {
			isa = PBXTargetDependency;
			name = ScreenLayout;
			targetProxy = F4B3BE731C1843ED0009DFDD /* PBXContainerItemProxy */;
		};
/* End PBXTargetDependency section */

/* Begin PBXVariantGroup section */
		F42962B31C0D10600090E280 /* Main.storyboard */ = {
			isa = PBXVariantGroup;
			children = (
				F42962B41C0D10600090E280 /* Base */,
			);
			name = Main.storyboard;
			sourceTree = "<group>";
		};
		F42962B81C0D10600090E280 /* LaunchScreen.storyboard */ = {
			isa = PBXVariantGroup;
			children = (
				F42962B91C0D10600090E280 /* Base */,
			);
			name = LaunchScreen.storyboard;
			sourceTree = "<group>";
		};
/* End PBXVariantGroup section */

/* Begin XCBuildConfiguration section */
		F42962BC1C0D10600090E280 /* Debug */ = {
			isa = XCBuildConfiguration;
			buildSettings = {
				ALWAYS_SEARCH_USER_PATHS = NO;
				CLANG_CXX_LANGUAGE_STANDARD = "gnu++0x";
				CLANG_CXX_LIBRARY = "libc++";
				CLANG_ENABLE_MODULES = YES;
				CLANG_ENABLE_OBJC_ARC = YES;
				CLANG_WARN_BOOL_CONVERSION = YES;
				CLANG_WARN_CONSTANT_CONVERSION = YES;
				CLANG_WARN_DIRECT_OBJC_ISA_USAGE = YES_ERROR;
				CLANG_WARN_EMPTY_BODY = YES;
				CLANG_WARN_ENUM_CONVERSION = YES;
				CLANG_WARN_INT_CONVERSION = YES;
				CLANG_WARN_OBJC_ROOT_CLASS = YES_ERROR;
				CLANG_WARN_UNREACHABLE_CODE = YES;
				CLANG_WARN__DUPLICATE_METHOD_MATCH = YES;
				"CODE_SIGN_IDENTITY[sdk=iphoneos*]" = "iPhone Developer";
				COPY_PHASE_STRIP = NO;
				DEBUG_INFORMATION_FORMAT = "dwarf-with-dsym";
				ENABLE_STRICT_OBJC_MSGSEND = YES;
				ENABLE_TESTABILITY = YES;
				GCC_C_LANGUAGE_STANDARD = gnu99;
				GCC_DYNAMIC_NO_PIC = NO;
				GCC_NO_COMMON_BLOCKS = YES;
				GCC_OPTIMIZATION_LEVEL = 0;
				GCC_PREPROCESSOR_DEFINITIONS = (
					"DEBUG=1",
					"$(inherited)",
				);
				GCC_WARN_64_TO_32_BIT_CONVERSION = YES;
				GCC_WARN_ABOUT_RETURN_TYPE = YES_ERROR;
				GCC_WARN_UNDECLARED_SELECTOR = YES;
				GCC_WARN_UNINITIALIZED_AUTOS = YES_AGGRESSIVE;
				GCC_WARN_UNUSED_FUNCTION = YES;
				GCC_WARN_UNUSED_VARIABLE = YES;
				IPHONEOS_DEPLOYMENT_TARGET = 9.1;
				MTL_ENABLE_DEBUG_INFO = YES;
				ONLY_ACTIVE_ARCH = YES;
				SDKROOT = iphoneos;
				SWIFT_OPTIMIZATION_LEVEL = "-Onone";
			};
			name = Debug;
		};
		F42962BD1C0D10600090E280 /* Release */ = {
			isa = XCBuildConfiguration;
			buildSettings = {
				ALWAYS_SEARCH_USER_PATHS = NO;
				CLANG_CXX_LANGUAGE_STANDARD = "gnu++0x";
				CLANG_CXX_LIBRARY = "libc++";
				CLANG_ENABLE_MODULES = YES;
				CLANG_ENABLE_OBJC_ARC = YES;
				CLANG_WARN_BOOL_CONVERSION = YES;
				CLANG_WARN_CONSTANT_CONVERSION = YES;
				CLANG_WARN_DIRECT_OBJC_ISA_USAGE = YES_ERROR;
				CLANG_WARN_EMPTY_BODY = YES;
				CLANG_WARN_ENUM_CONVERSION = YES;
				CLANG_WARN_INT_CONVERSION = YES;
				CLANG_WARN_OBJC_ROOT_CLASS = YES_ERROR;
				CLANG_WARN_UNREACHABLE_CODE = YES;
				CLANG_WARN__DUPLICATE_METHOD_MATCH = YES;
				"CODE_SIGN_IDENTITY[sdk=iphoneos*]" = "iPhone Developer";
				COPY_PHASE_STRIP = NO;
				DEBUG_INFORMATION_FORMAT = "dwarf-with-dsym";
				ENABLE_NS_ASSERTIONS = NO;
				ENABLE_STRICT_OBJC_MSGSEND = YES;
				GCC_C_LANGUAGE_STANDARD = gnu99;
				GCC_NO_COMMON_BLOCKS = YES;
				GCC_WARN_64_TO_32_BIT_CONVERSION = YES;
				GCC_WARN_ABOUT_RETURN_TYPE = YES_ERROR;
				GCC_WARN_UNDECLARED_SELECTOR = YES;
				GCC_WARN_UNINITIALIZED_AUTOS = YES_AGGRESSIVE;
				GCC_WARN_UNUSED_FUNCTION = YES;
				GCC_WARN_UNUSED_VARIABLE = YES;
				IPHONEOS_DEPLOYMENT_TARGET = 9.1;
				MTL_ENABLE_DEBUG_INFO = NO;
				SDKROOT = iphoneos;
				VALIDATE_PRODUCT = YES;
			};
			name = Release;
		};
		F42962BF1C0D10600090E280 /* Debug */ = {
			isa = XCBuildConfiguration;
			buildSettings = {
				ASSETCATALOG_COMPILER_APPICON_NAME = AppIcon;
				CODE_SIGN_IDENTITY = "iPhone Developer";
				"CODE_SIGN_IDENTITY[sdk=iphoneos*]" = "iPhone Developer";
				INFOPLIST_FILE = CollabJump/Info.plist;
				LD_RUNPATH_SEARCH_PATHS = "$(inherited) @executable_path/Frameworks";
				PRODUCT_BUNDLE_IDENTIFIER = com.AlexYeh.CollabJump;
				PRODUCT_NAME = "$(TARGET_NAME)";
				PROVISIONING_PROFILE = "";
			};
			name = Debug;
		};
		F42962C01C0D10600090E280 /* Release */ = {
			isa = XCBuildConfiguration;
			buildSettings = {
				ASSETCATALOG_COMPILER_APPICON_NAME = AppIcon;
				CODE_SIGN_IDENTITY = "iPhone Developer";
				"CODE_SIGN_IDENTITY[sdk=iphoneos*]" = "iPhone Developer";
				INFOPLIST_FILE = CollabJump/Info.plist;
				LD_RUNPATH_SEARCH_PATHS = "$(inherited) @executable_path/Frameworks";
				PRODUCT_BUNDLE_IDENTIFIER = com.AlexYeh.CollabJump;
				PRODUCT_NAME = "$(TARGET_NAME)";
				PROVISIONING_PROFILE = "";
			};
			name = Release;
		};
/* End XCBuildConfiguration section */

/* Begin XCConfigurationList section */
		F42962A31C0D10600090E280 /* Build configuration list for PBXProject "CollabJump" */ = {
			isa = XCConfigurationList;
			buildConfigurations = (
				F42962BC1C0D10600090E280 /* Debug */,
				F42962BD1C0D10600090E280 /* Release */,
			);
			defaultConfigurationIsVisible = 0;
			defaultConfigurationName = Release;
		};
		F42962BE1C0D10600090E280 /* Build configuration list for PBXNativeTarget "CollabJump" */ = {
			isa = XCConfigurationList;
			buildConfigurations = (
				F42962BF1C0D10600090E280 /* Debug */,
				F42962C01C0D10600090E280 /* Release */,
			);
			defaultConfigurationIsVisible = 0;
			defaultConfigurationName = Release;
		};
/* End XCConfigurationList section */
	};
	rootObject = F42962A01C0D10600090E280 /* Project object */;
}
